# Generated by pub
# See https://dart.dev/tools/pub/glossary#lockfile
packages:
  archive:
    dependency: transitive
    description:
      name: archive
      url: "https://pub.dartlang.org"
    source: hosted
    version: "3.1.2"
  args:
    dependency: "direct overridden"
    description:
      name: args
      url: "https://pub.dartlang.org"
    source: hosted
    version: "2.0.0"
  asn1lib:
    dependency: transitive
    description:
      name: asn1lib
      url: "https://pub.dartlang.org"
    source: hosted
    version: "1.0.0"
  async:
    dependency: transitive
    description:
      name: async
      url: "https://pub.dartlang.org"
    source: hosted
    version: "2.5.0"
  autocomplete_textfield:
    dependency: transitive
    description:
      name: autocomplete_textfield
      url: "https://pub.dartlang.org"
    source: hosted
    version: "1.7.3"
  barcode:
    dependency: transitive
    description:
      name: barcode
      url: "https://pub.dartlang.org"
    source: hosted
    version: "2.1.0"
  boolean_selector:
    dependency: transitive
    description:
      name: boolean_selector
      url: "https://pub.dartlang.org"
    source: hosted
    version: "2.1.0"
  characters:
    dependency: transitive
    description:
      name: characters
      url: "https://pub.dartlang.org"
    source: hosted
    version: "1.1.0"
  charcode:
    dependency: transitive
    description:
      name: charcode
      url: "https://pub.dartlang.org"
    source: hosted
    version: "1.2.0"
  charts_common:
    dependency: transitive
    description:
      name: charts_common
      url: "https://pub.dartlang.org"
    source: hosted
    version: "0.10.0"
  charts_flutter:
    dependency: transitive
    description:
      name: charts_flutter
      url: "https://pub.dartlang.org"
    source: hosted
    version: "0.10.0"
  clock:
    dependency: transitive
    description:
      name: clock
      url: "https://pub.dartlang.org"
    source: hosted
    version: "1.1.0"
  cloud_firestore:
    dependency: "direct overridden"
    description:
      name: cloud_firestore
      url: "https://pub.dartlang.org"
    source: hosted
    version: "1.0.3"
  cloud_firestore_platform_interface:
    dependency: transitive
    description:
      name: cloud_firestore_platform_interface
      url: "https://pub.dartlang.org"
    source: hosted
    version: "4.0.0"
  cloud_firestore_web:
    dependency: transitive
    description:
      name: cloud_firestore_web
      url: "https://pub.dartlang.org"
    source: hosted
    version: "1.0.3"
  collection:
    dependency: transitive
    description:
      name: collection
      url: "https://pub.dartlang.org"
    source: hosted
    version: "1.15.0"
  comum:
    dependency: "direct overridden"
    description:
      path: "../../flutter_dart/comum"
      relative: true
    source: path
    version: "2021.03.14"
  connectivity:
    dependency: transitive
    description:
      name: connectivity
      url: "https://pub.dartlang.org"
    source: hosted
    version: "3.0.3"
  connectivity_for_web:
    dependency: transitive
    description:
      name: connectivity_for_web
      url: "https://pub.dartlang.org"
    source: hosted
    version: "0.4.0"
  connectivity_macos:
    dependency: transitive
    description:
      name: connectivity_macos
      url: "https://pub.dartlang.org"
    source: hosted
    version: "0.2.0"
  connectivity_platform_interface:
    dependency: transitive
    description:
      name: connectivity_platform_interface
      url: "https://pub.dartlang.org"
    source: hosted
    version: "2.0.1"
  console:
    dependency: "direct overridden"
    description:
      path: "../console"
      relative: true
    source: path
    version: "1.0.2+24"
  control_data_platform_android:
    dependency: transitive
    description:
      path: "controls_data/control_data_platform_android"
      ref: HEAD
      resolved-ref: d28dc145af1f6b65d1eb8456b70c96107c725f3a
      url: "https://github.com/amarildolacerda/flutter_dart.git"
    source: git
    version: "2021.03.17"
  control_data_platform_interface:
    dependency: transitive
    description:
      path: "controls_data/control_data_platform_interface"
      ref: HEAD
      resolved-ref: d28dc145af1f6b65d1eb8456b70c96107c725f3a
      url: "https://github.com/amarildolacerda/flutter_dart.git"
    source: git
    version: "2021.03.17"
  control_data_platform_web:
    dependency: transitive
    description:
      path: "controls_data/control_data_platform_web"
      ref: HEAD
      resolved-ref: d28dc145af1f6b65d1eb8456b70c96107c725f3a
      url: "https://github.com/amarildolacerda/flutter_dart.git"
    source: git
    version: "2021.03.14"
  control_data_platform_windows:
    dependency: transitive
    description:
      path: "controls_data/control_data_platform_windows"
      ref: HEAD
      resolved-ref: d28dc145af1f6b65d1eb8456b70c96107c725f3a
      url: "https://github.com/amarildolacerda/flutter_dart.git"
    source: git
    version: "2021.03.17"
  controls_dash:
    dependency: "direct overridden"
    description:
      path: "../../flutter_dart/controls_dash"
      relative: true
    source: path
    version: "2021.03.16"
  controls_data:
    dependency: "direct overridden"
    description:
      path: "../../flutter_dart/controls_data"
      relative: true
    source: path
    version: "2021.03.17"
  controls_extensions:
    dependency: transitive
    description:
      path: controls_extensions
      ref: HEAD
      resolved-ref: d28dc145af1f6b65d1eb8456b70c96107c725f3a
      url: "https://github.com/amarildolacerda/flutter_dart.git"
    source: git
    version: "2021.03.16"
  controls_firebase:
    dependency: "direct overridden"
    description:
      path: "../../flutter_dart/controls_firebase"
      relative: true
    source: path
    version: "2021.03.14"
  controls_firebase_linux:
    dependency: transitive
    description:
      path: "controls_firebase/controls_firebase_linux"
      ref: HEAD
      resolved-ref: d28dc145af1f6b65d1eb8456b70c96107c725f3a
      url: "https://github.com/amarildolacerda/flutter_dart.git"
    source: git
    version: "2021.03.14"
  controls_firebase_platform_android:
    dependency: transitive
    description:
      path: "controls_firebase/controls_firebase_platform_android"
      ref: HEAD
      resolved-ref: d28dc145af1f6b65d1eb8456b70c96107c725f3a
      url: "https://github.com/amarildolacerda/flutter_dart.git"
    source: git
    version: "2021.03.14"
  controls_firebase_platform_interface:
    dependency: transitive
    description:
      path: "controls_firebase/controls_firebase_platform_interface"
      ref: HEAD
      resolved-ref: d28dc145af1f6b65d1eb8456b70c96107c725f3a
      url: "https://github.com/amarildolacerda/flutter_dart.git"
    source: git
    version: "2021.03.14"
  controls_firebase_platform_web:
    dependency: transitive
    description:
      path: "controls_firebase/controls_firebase_platform_web"
      ref: HEAD
      resolved-ref: d28dc145af1f6b65d1eb8456b70c96107c725f3a
      url: "https://github.com/amarildolacerda/flutter_dart.git"
    source: git
    version: "0.0.7"
  controls_firebase_windows:
    dependency: transitive
    description:
      path: "controls_firebase/controls_firebase_windows"
      ref: HEAD
      resolved-ref: d28dc145af1f6b65d1eb8456b70c96107c725f3a
      url: "https://github.com/amarildolacerda/flutter_dart.git"
    source: git
    version: "2021.03.14"
  controls_web:
    dependency: "direct overridden"
    description:
      path: "../../flutter_dart/controls_web"
      relative: true
    source: path
    version: "2021.03.26"
  convert:
    dependency: "direct overridden"
    description:
      name: convert
      url: "https://pub.dartlang.org"
    source: hosted
    version: "3.0.0"
  credit_card_input_form:
    dependency: transitive
    description:
      path: "."
      ref: HEAD
      resolved-ref: "1a27fbfcbc6db779ce613ce15c35cd06dc6d0047"
      url: "https://github.com/amarildolacerda/Flutter-Credit-Card-Input-Form.git"
    source: git
    version: "2.0.3+2"
  crypto:
    dependency: "direct overridden"
    description:
      name: crypto
      url: "https://pub.dartlang.org"
    source: hosted
    version: "2.1.5"
  csslib:
    dependency: transitive
    description:
      name: csslib
      url: "https://pub.dartlang.org"
    source: hosted
    version: "0.17.0"
  cupertino_icons:
    dependency: "direct overridden"
    description:
      name: cupertino_icons
      url: "https://pub.dartlang.org"
    source: hosted
    version: "1.0.2"
  date_format:
    dependency: transitive
    description:
      name: date_format
      url: "https://pub.dartlang.org"
    source: hosted
    version: "2.0.2"
  datetime_picker_formfield:
    dependency: transitive
    description:
      name: datetime_picker_formfield
      url: "https://pub.dartlang.org"
    source: hosted
    version: "2.0.0"
  desktop_window:
    dependency: "direct main"
    description:
      name: desktop_window
      url: "https://pub.dartlang.org"
    source: hosted
    version: "0.4.0"
  dio:
    dependency: "direct overridden"
    description:
      name: dio
      url: "https://pub.dartlang.org"
    source: hosted
    version: "4.0.0-prev3"
  dotted_border:
    dependency: transitive
    description:
      name: dotted_border
      url: "https://pub.dartlang.org"
    source: hosted
    version: "0.1.1"
  encrypt:
    dependency: "direct overridden"
    description:
      name: encrypt
      url: "https://pub.dartlang.org"
    source: hosted
    version: "5.0.0"
  fake_async:
    dependency: transitive
    description:
      name: fake_async
      url: "https://pub.dartlang.org"
    source: hosted
    version: "1.2.0"
  ffi:
    dependency: transitive
    description:
      name: ffi
      url: "https://pub.dartlang.org"
    source: hosted
    version: "1.0.0"
  file:
    dependency: transitive
    description:
      name: file
      url: "https://pub.dartlang.org"
    source: hosted
    version: "6.1.0"
  firebase:
    dependency: transitive
    description:
      name: firebase
      url: "https://pub.dartlang.org"
    source: hosted
    version: "9.0.1"
  firebase_auth:
    dependency: "direct overridden"
    description:
      name: firebase_auth
      url: "https://pub.dartlang.org"
    source: hosted
    version: "1.0.1"
  firebase_auth_platform_interface:
    dependency: transitive
    description:
      name: firebase_auth_platform_interface
      url: "https://pub.dartlang.org"
    source: hosted
    version: "4.0.0"
  firebase_auth_web:
    dependency: transitive
    description:
      name: firebase_auth_web
      url: "https://pub.dartlang.org"
    source: hosted
    version: "1.0.3"
  firebase_core:
    dependency: "direct overridden"
    description:
      name: firebase_core
      url: "https://pub.dartlang.org"
    source: hosted
    version: "1.0.2"
  firebase_core_platform_interface:
    dependency: transitive
    description:
      name: firebase_core_platform_interface
      url: "https://pub.dartlang.org"
    source: hosted
    version: "4.0.0"
  firebase_core_web:
    dependency: transitive
    description:
      name: firebase_core_web
      url: "https://pub.dartlang.org"
    source: hosted
    version: "1.0.2"
  firebase_messaging:
    dependency: transitive
    description:
      name: firebase_messaging
      url: "https://pub.dartlang.org"
    source: hosted
    version: "9.1.0"
  firebase_messaging_platform_interface:
    dependency: transitive
    description:
      name: firebase_messaging_platform_interface
      url: "https://pub.dartlang.org"
    source: hosted
    version: "2.1.0"
  firebase_messaging_web:
    dependency: transitive
    description:
      name: firebase_messaging_web
      url: "https://pub.dartlang.org"
    source: hosted
    version: "1.0.3"
  firebase_storage:
    dependency: transitive
    description:
      name: firebase_storage
      url: "https://pub.dartlang.org"
    source: hosted
    version: "8.0.1"
  firebase_storage_platform_interface:
    dependency: transitive
    description:
      name: firebase_storage_platform_interface
      url: "https://pub.dartlang.org"
    source: hosted
    version: "2.0.0"
  firebase_storage_web:
    dependency: transitive
    description:
      name: firebase_storage_web
      url: "https://pub.dartlang.org"
    source: hosted
    version: "1.0.2"
  flip_card:
    dependency: transitive
    description:
      path: "."
      ref: HEAD
      resolved-ref: ea1a348654bede14322398df6522fe19bd4b6cb1
      url: "https://github.com/amarildolacerda/flip_card.git"
    source: git
    version: "0.4.4-nullsafety"
  flutter:
    dependency: "direct main"
    description: flutter
    source: sdk
    version: "0.0.0"
  flutter_barcode_scanner:
    dependency: transitive
    description:
      name: flutter_barcode_scanner
      url: "https://pub.dartlang.org"
    source: hosted
    version: "0.1.7"
  flutter_bootstrap:
    dependency: transitive
    description:
      name: flutter_bootstrap
      url: "https://pub.dartlang.org"
    source: hosted
    version: "1.0.2"
  flutter_cache_manager:
    dependency: "direct overridden"
    description:
      name: flutter_cache_manager
      url: "https://pub.dartlang.org"
    source: hosted
    version: "3.0.0"
  flutter_local_notifications:
    dependency: transitive
    description:
      name: flutter_local_notifications
      url: "https://pub.dartlang.org"
    source: hosted
    version: "5.0.0"
  flutter_local_notifications_platform_interface:
    dependency: transitive
    description:
      name: flutter_local_notifications_platform_interface
      url: "https://pub.dartlang.org"
    source: hosted
    version: "3.0.0"
  flutter_localizations:
    dependency: "direct main"
    description: flutter
    source: sdk
    version: "0.0.0"
  flutter_page_transition:
    dependency: transitive
    description:
      name: flutter_page_transition
      url: "https://pub.dartlang.org"
    source: hosted
    version: "0.1.6"
  flutter_plugin_android_lifecycle:
    dependency: transitive
    description:
      name: flutter_plugin_android_lifecycle
      url: "https://pub.dartlang.org"
    source: hosted
    version: "2.0.0"
  flutter_slidable:
    dependency: transitive
    description:
      name: flutter_slidable
      url: "https://pub.dartlang.org"
    source: hosted
    version: "0.6.0-nullsafety.0"
  flutter_speed_dial:
    dependency: transitive
    description:
      name: flutter_speed_dial
      url: "https://pub.dartlang.org"
    source: hosted
    version: "3.0.5"
  flutter_test:
    dependency: "direct dev"
    description: flutter
    source: sdk
    version: "0.0.0"
  flutter_web_plugins:
    dependency: transitive
    description: flutter
    source: sdk
    version: "0.0.0"
  font_awesome_flutter:
    dependency: transitive
    description:
      name: font_awesome_flutter
      url: "https://pub.dartlang.org"
    source: hosted
    version: "9.0.0"
  get:
    dependency: "direct overridden"
    description:
      name: get
      url: "https://pub.dartlang.org"
    source: hosted
    version: "4.1.1"
  google_sign_in:
    dependency: transitive
    description:
      name: google_sign_in
      url: "https://pub.dartlang.org"
    source: hosted
    version: "5.0.1"
  google_sign_in_platform_interface:
    dependency: transitive
    description:
      name: google_sign_in_platform_interface
      url: "https://pub.dartlang.org"
    source: hosted
    version: "2.0.1"
  google_sign_in_web:
    dependency: transitive
    description:
      name: google_sign_in_web
      url: "https://pub.dartlang.org"
    source: hosted
    version: "0.10.0"
  html:
    dependency: transitive
    description:
      name: html
      url: "https://pub.dartlang.org"
    source: hosted
    version: "0.15.0"
  http:
    dependency: transitive
    description:
      name: http
      url: "https://pub.dartlang.org"
    source: hosted
    version: "0.13.1"
  http_parser:
    dependency: "direct overridden"
    description:
      name: http_parser
      url: "https://pub.dartlang.org"
    source: hosted
    version: "3.1.4"
  idb_shim:
    dependency: transitive
    description:
      name: idb_shim
      url: "https://pub.dartlang.org"
    source: hosted
    version: "2.0.0+2"
  image:
    dependency: "direct overridden"
    description:
      name: image
      url: "https://pub.dartlang.org"
    source: hosted
    version: "3.0.2"
  image_picker:
    dependency: "direct overridden"
    description:
      name: image_picker
      url: "https://pub.dartlang.org"
    source: hosted
    version: "0.7.3"
  image_picker_for_web:
    dependency: transitive
    description:
      name: image_picker_for_web
      url: "https://pub.dartlang.org"
    source: hosted
    version: "2.0.0"
  image_picker_platform_interface:
    dependency: transitive
    description:
      name: image_picker_platform_interface
      url: "https://pub.dartlang.org"
    source: hosted
    version: "2.0.1"
  intl:
    dependency: "direct overridden"
    description:
      name: intl
      url: "https://pub.dartlang.org"
    source: hosted
    version: "0.17.0"
  js:
    dependency: transitive
    description:
      name: js
      url: "https://pub.dartlang.org"
    source: hosted
    version: "0.6.3"
  liquid_progress_indicator:
    dependency: transitive
    description:
      name: liquid_progress_indicator
      url: "https://pub.dartlang.org"
    source: hosted
    version: "0.3.2"
  logging:
    dependency: transitive
    description:
      name: logging
      url: "https://pub.dartlang.org"
    source: hosted
    version: "1.0.1"
  matcher:
    dependency: transitive
    description:
      name: matcher
      url: "https://pub.dartlang.org"
    source: hosted
    version: "0.12.10"
  meta:
    dependency: transitive
    description:
      name: meta
      url: "https://pub.dartlang.org"
    source: hosted
    version: "1.3.0"
  mime:
    dependency: transitive
    description:
      name: mime
      url: "https://pub.dartlang.org"
    source: hosted
    version: "0.9.7"
  models:
    dependency: "direct overridden"
    description:
      path: "../../flutter_dart/models"
      relative: true
    source: path
    version: "2021.03.18"
  nested:
    dependency: transitive
    description:
      name: nested
      url: "https://pub.dartlang.org"
    source: hosted
    version: "1.0.0"
  path:
    dependency: transitive
    description:
      name: path
      url: "https://pub.dartlang.org"
    source: hosted
    version: "1.8.0"
  path_parsing:
    dependency: transitive
    description:
      name: path_parsing
      url: "https://pub.dartlang.org"
    source: hosted
    version: "0.2.0-nullsafety.0"
  path_provider:
    dependency: transitive
    description:
      name: path_provider
      url: "https://pub.dartlang.org"
    source: hosted
    version: "2.0.1"
  path_provider_linux:
    dependency: transitive
    description:
      name: path_provider_linux
      url: "https://pub.dartlang.org"
    source: hosted
    version: "2.0.0"
  path_provider_macos:
    dependency: transitive
    description:
      name: path_provider_macos
      url: "https://pub.dartlang.org"
    source: hosted
    version: "2.0.0"
  path_provider_platform_interface:
    dependency: transitive
    description:
      name: path_provider_platform_interface
      url: "https://pub.dartlang.org"
    source: hosted
    version: "2.0.1"
  path_provider_windows:
    dependency: transitive
    description:
      name: path_provider_windows
      url: "https://pub.dartlang.org"
    source: hosted
    version: "2.0.0"
  pdf:
    dependency: "direct overridden"
    description:
      name: pdf
      url: "https://pub.dartlang.org"
    source: hosted
    version: "3.1.0"
  pedantic:
    dependency: transitive
    description:
      name: pedantic
      url: "https://pub.dartlang.org"
    source: hosted
    version: "1.11.0"
  percent_indicator:
    dependency: transitive
    description:
      name: percent_indicator
      url: "https://pub.dartlang.org"
    source: hosted
    version: "3.3.0-nullsafety.1"
  petitparser:
    dependency: transitive
    description:
      name: petitparser
      url: "https://pub.dartlang.org"
    source: hosted
    version: "4.0.2"
  platform:
    dependency: transitive
    description:
      name: platform
      url: "https://pub.dartlang.org"
    source: hosted
    version: "3.0.0"
  plugin_platform_interface:
    dependency: transitive
    description:
      name: plugin_platform_interface
      url: "https://pub.dartlang.org"
    source: hosted
    version: "2.0.0"
  pointycastle:
    dependency: transitive
    description:
      name: pointycastle
      url: "https://pub.dartlang.org"
    source: hosted
    version: "3.0.1"
  printing:
    dependency: "direct overridden"
    description:
      name: printing
      url: "https://pub.dartlang.org"
    source: hosted
    version: "5.0.4"
  process:
    dependency: transitive
    description:
      name: process
      url: "https://pub.dartlang.org"
    source: hosted
    version: "4.2.1"
  provider:
    dependency: "direct overridden"
    description:
      name: provider
      url: "https://pub.dartlang.org"
    source: hosted
    version: "5.0.0"
  qr:
    dependency: transitive
    description:
      name: qr
      url: "https://pub.dartlang.org"
    source: hosted
    version: "2.0.0"
  quiver:
    dependency: transitive
    description:
      name: quiver
      url: "https://pub.dartlang.org"
    source: hosted
    version: "3.0.0"
  rxdart:
    dependency: transitive
    description:
      name: rxdart
      url: "https://pub.dartlang.org"
    source: hosted
    version: "0.26.0"
  sembast:
    dependency: "direct main"
    description:
      name: sembast
      url: "https://pub.dartlang.org"
    source: hosted
    version: "3.0.0+4"
  sembast_web:
    dependency: "direct main"
    description:
      name: sembast_web
      url: "https://pub.dartlang.org"
    source: hosted
    version: "2.0.0+2"
  share:
    dependency: transitive
    description:
      name: share
      url: "https://pub.dartlang.org"
    source: hosted
    version: "0.6.5+4"
  shared_preferences:
    dependency: transitive
    description:
      name: shared_preferences
      url: "https://pub.dartlang.org"
    source: hosted
    version: "2.0.5"
  shared_preferences_linux:
    dependency: transitive
    description:
      name: shared_preferences_linux
      url: "https://pub.dartlang.org"
    source: hosted
    version: "2.0.0"
  shared_preferences_macos:
    dependency: transitive
    description:
      name: shared_preferences_macos
      url: "https://pub.dartlang.org"
    source: hosted
    version: "2.0.0"
  shared_preferences_platform_interface:
    dependency: transitive
    description:
      name: shared_preferences_platform_interface
      url: "https://pub.dartlang.org"
    source: hosted
    version: "2.0.0"
  shared_preferences_web:
    dependency: transitive
    description:
      name: shared_preferences_web
      url: "https://pub.dartlang.org"
    source: hosted
    version: "2.0.0"
  shared_preferences_windows:
    dependency: transitive
    description:
      name: shared_preferences_windows
      url: "https://pub.dartlang.org"
    source: hosted
    version: "2.0.0"
  sky_engine:
    dependency: transitive
    description: flutter
    source: sdk
    version: "0.0.99"
  source_span:
    dependency: transitive
    description:
      name: source_span
      url: "https://pub.dartlang.org"
    source: hosted
    version: "1.8.0"
  sqflite:
    dependency: transitive
    description:
      name: sqflite
      url: "https://pub.dartlang.org"
    source: hosted
    version: "2.0.0+3"
  sqflite_common:
    dependency: transitive
    description:
      name: sqflite_common
      url: "https://pub.dartlang.org"
    source: hosted
    version: "2.0.0+2"
  stack_trace:
    dependency: transitive
    description:
      name: stack_trace
      url: "https://pub.dartlang.org"
    source: hosted
    version: "1.10.0"
  stream_channel:
    dependency: transitive
    description:
      name: stream_channel
      url: "https://pub.dartlang.org"
    source: hosted
    version: "2.1.0"
  string_scanner:
    dependency: transitive
    description:
      name: string_scanner
      url: "https://pub.dartlang.org"
    source: hosted
    version: "1.1.0"
  synchronized:
    dependency: transitive
    description:
      name: synchronized
      url: "https://pub.dartlang.org"
    source: hosted
    version: "3.0.0"
  term_glyph:
    dependency: transitive
    description:
      name: term_glyph
      url: "https://pub.dartlang.org"
    source: hosted
    version: "1.2.0"
  test_api:
    dependency: transitive
    description:
      name: test_api
      url: "https://pub.dartlang.org"
    source: hosted
    version: "0.2.19"
  timeline_tile:
    dependency: transitive
    description:
      name: timeline_tile
      url: "https://pub.dartlang.org"
    source: hosted
    version: "2.0.0"
  timezone:
    dependency: transitive
    description:
      name: timezone
      url: "https://pub.dartlang.org"
    source: hosted
    version: "0.7.0-nullsafety.0"
  typed_data:
    dependency: transitive
    description:
      name: typed_data
      url: "https://pub.dartlang.org"
    source: hosted
    version: "1.3.0"
  universal_html:
    dependency: transitive
    description:
      name: universal_html
      url: "https://pub.dartlang.org"
    source: hosted
    version: "2.0.7"
  universal_io:
    dependency: "direct overridden"
    description:
      name: universal_io
      url: "https://pub.dartlang.org"
    source: hosted
    version: "2.0.3"
  universal_platform:
    dependency: "direct main"
    description:
      name: universal_platform
      url: "https://pub.dartlang.org"
    source: hosted
    version: "1.0.0-nullsafety"
  url_launcher:
    dependency: transitive
    description:
      name: url_launcher
      url: "https://pub.dartlang.org"
    source: hosted
    version: "6.0.3"
  url_launcher_linux:
    dependency: transitive
    description:
      name: url_launcher_linux
      url: "https://pub.dartlang.org"
    source: hosted
    version: "2.0.0"
  url_launcher_macos:
    dependency: transitive
    description:
      name: url_launcher_macos
      url: "https://pub.dartlang.org"
    source: hosted
    version: "2.0.0"
  url_launcher_platform_interface:
    dependency: transitive
    description:
      name: url_launcher_platform_interface
      url: "https://pub.dartlang.org"
    source: hosted
    version: "2.0.2"
  url_launcher_web:
    dependency: transitive
    description:
      name: url_launcher_web
      url: "https://pub.dartlang.org"
    source: hosted
    version: "2.0.0"
  url_launcher_windows:
    dependency: transitive
    description:
      name: url_launcher_windows
      url: "https://pub.dartlang.org"
    source: hosted
    version: "2.0.0"
  uuid:
    dependency: "direct overridden"
    description:
      name: uuid
      url: "https://pub.dartlang.org"
    source: hosted
    version: "3.0.2"
  vector_math:
    dependency: transitive
    description:
      name: vector_math
      url: "https://pub.dartlang.org"
    source: hosted
    version: "2.1.0"
  web_socket_channel:
    dependency: transitive
    description:
      name: web_socket_channel
      url: "https://pub.dartlang.org"
    source: hosted
    version: "1.2.0"
  win32:
    dependency: transitive
    description:
      name: win32
      url: "https://pub.dartlang.org"
    source: hosted
    version: "2.0.4"
  xdg_directories:
    dependency: transitive
    description:
      name: xdg_directories
      url: "https://pub.dartlang.org"
    source: hosted
    version: "0.2.0"
  xml:
    dependency: transitive
    description:
      name: xml
      url: "https://pub.dartlang.org"
    source: hosted
    version: "5.0.2"
sdks:
  dart: ">=2.12.0 <3.0.0"
  flutter: ">=2.0.0"
